
Microsoft Visual Studio Solution File, Format Version 12.00
# Visual Studio Express 2012 for Web
Project("{E24C65DC-7377-472B-9ABA-BC803B73C61A}") = "pall_angular", ".", "{3769366E-5A8A-4CE7-AA63-AB9117002FB7}"
	ProjectSection(WebsiteProperties) = preProject
		TargetFrameworkMoniker = ".NETFramework,Version%3Dv2.0"
		Debug.AspNetCompiler.VirtualPath = "/pall_angular"
		Debug.AspNetCompiler.PhysicalPath = "..\pall_angular\"
		Debug.AspNetCompiler.TargetPath = "PrecompiledWeb\pall_angular\"
		Debug.AspNetCompiler.Updateable = "true"
		Debug.AspNetCompiler.ForceOverwrite = "true"
		Debug.AspNetCompiler.FixedNames = "false"
		Debug.AspNetCompiler.Debug = "True"
		Release.AspNetCompiler.VirtualPath = "/pall_angular"
		Release.AspNetCompiler.PhysicalPath = "..\pall_angular\"
		Release.AspNetCompiler.TargetPath = "PrecompiledWeb\pall_angular\"
		Release.AspNetCompiler.Updateable = "true"
		Release.AspNetCompiler.ForceOverwrite = "true"
		Release.AspNetCompiler.FixedNames = "false"
		Release.AspNetCompiler.Debug = "False"
		VWDPort = "60103"
	EndProjectSection
EndProject
Global
	GlobalSection(SolutionConfigurationPlatforms) = preSolution
		Debug|Any CPU = Debug|Any CPU
	EndGlobalSection
	GlobalSection(ProjectConfigurationPlatforms) = postSolution
		{3769366E-5A8A-4CE7-AA63-AB9117002FB7}.Debug|Any CPU.ActiveCfg = Debug|Any CPU
		{3769366E-5A8A-4CE7-AA63-AB9117002FB7}.Debug|Any CPU.Build.0 = Debug|Any CPU
	EndGlobalSection
	GlobalSection(SolutionProperties) = preSolution
		HideSolutionNode = FALSE
	EndGlobalSection
EndGlobal
